
Microsoft Visual Studio Solution File, Format Version 12.00
# Visual Studio Version 16
VisualStudioVersion = 16.0.31025.194
MinimumVisualStudioVersion = 10.0.40219.1
Project("{888888A0-9F3D-457C-B088-3A5042F75D52}") = "DeepFake", "DeepFake\DeepFake.pyproj", "{7C478852-114A-4FAD-9EA5-034523053314}"
EndProject
Global
	GlobalSection(SolutionConfigurationPlatforms) = preSolution
		Debug|Any CPU = Debug|Any CPU
		Release|Any CPU = Release|Any CPU
	EndGlobalSection
	GlobalSection(ProjectConfigurationPlatforms) = postSolution
		{7C478852-114A-4FAD-9EA5-034523053314}.Debug|Any CPU.ActiveCfg = Debug|Any CPU
		{7C478852-114A-4FAD-9EA5-034523053314}.Release|Any CPU.ActiveCfg = Release|Any CPU
	EndGlobalSection
	GlobalSection(SolutionProperties) = preSolution
		HideSolutionNode = FALSE
	EndGlobalSection
	GlobalSection(ExtensibilityGlobals) = postSolution
		SolutionGuid = {DEF29963-F6F3-427E-AC2D-1363219E853E}
	EndGlobalSection
EndGlobal
